// !$*UTF8*$!
{
	archiveVersion = 1;
	classes = {
	};
	objectVersion = 50;
	objects = {

/* Begin PBXBuildFile section */
		84C360BE25DFDBFD003A70AF /* AppDelegate.swift in Sources */ = {isa = PBXBuildFile; fileRef = 84C360BD25DFDBFD003A70AF /* AppDelegate.swift */; };
		84C360C025DFDBFD003A70AF /* SceneDelegate.swift in Sources */ = {isa = PBXBuildFile; fileRef = 84C360BF25DFDBFD003A70AF /* SceneDelegate.swift */; };
		84C360C525DFDBFD003A70AF /* Main.storyboard in Resources */ = {isa = PBXBuildFile; fileRef = 84C360C325DFDBFD003A70AF /* Main.storyboard */; };
		84C360C725DFDC01003A70AF /* Assets.xcassets in Resources */ = {isa = PBXBuildFile; fileRef = 84C360C625DFDC01003A70AF /* Assets.xcassets */; };
		84C360CA25DFDC01003A70AF /* LaunchScreen.storyboard in Resources */ = {isa = PBXBuildFile; fileRef = 84C360C825DFDC01003A70AF /* LaunchScreen.storyboard */; };
		84C360D725DFDEB5003A70AF /* .gitignore in Resources */ = {isa = PBXBuildFile; fileRef = 84C360D625DFDEB5003A70AF /* .gitignore */; };
		84C360DA25E00313003A70AF /* ContactListViewController.swift in Sources */ = {isa = PBXBuildFile; fileRef = 84C360D925E00313003A70AF /* ContactListViewController.swift */; };
		84C360E525E00506003A70AF /* Person.swift in Sources */ = {isa = PBXBuildFile; fileRef = 84C360E425E00506003A70AF /* Person.swift */; };
		84C360E825E0054A003A70AF /* DataManager.swift in Sources */ = {isa = PBXBuildFile; fileRef = 84C360E725E0054A003A70AF /* DataManager.swift */; };
		84C360EB25E005C2003A70AF /* ContactAddViewController.swift in Sources */ = {isa = PBXBuildFile; fileRef = 84C360EA25E005C2003A70AF /* ContactAddViewController.swift */; };
		84C360EE25E005D1003A70AF /* ContactEditViewController.swift in Sources */ = {isa = PBXBuildFile; fileRef = 84C360ED25E005D1003A70AF /* ContactEditViewController.swift */; };
		84C360F125E005F3003A70AF /* ContactProfileViewController.swift in Sources */ = {isa = PBXBuildFile; fileRef = 84C360F025E005F3003A70AF /* ContactProfileViewController.swift */; };
/* End PBXBuildFile section */

/* Begin PBXFileReference section */
		84C360BA25DFDBFD003A70AF /* HomeWork2.8.app */ = {isa = PBXFileReference; explicitFileType = wrapper.application; includeInIndex = 0; path = HomeWork2.8.app; sourceTree = BUILT_PRODUCTS_DIR; };
		84C360BD25DFDBFD003A70AF /* AppDelegate.swift */ = {isa = PBXFileReference; lastKnownFileType = sourcecode.swift; path = AppDelegate.swift; sourceTree = "<group>"; };
		84C360BF25DFDBFD003A70AF /* SceneDelegate.swift */ = {isa = PBXFileReference; lastKnownFileType = sourcecode.swift; path = SceneDelegate.swift; sourceTree = "<group>"; };
		84C360C425DFDBFD003A70AF /* Base */ = {isa = PBXFileReference; lastKnownFileType = file.storyboard; name = Base; path = Base.lproj/Main.storyboard; sourceTree = "<group>"; };
		84C360C625DFDC01003A70AF /* Assets.xcassets */ = {isa = PBXFileReference; lastKnownFileType = folder.assetcatalog; path = Assets.xcassets; sourceTree = "<group>"; };
		84C360C925DFDC01003A70AF /* Base */ = {isa = PBXFileReference; lastKnownFileType = file.storyboard; name = Base; path = Base.lproj/LaunchScreen.storyboard; sourceTree = "<group>"; };
		84C360CB25DFDC01003A70AF /* Info.plist */ = {isa = PBXFileReference; lastKnownFileType = text.plist.xml; path = Info.plist; sourceTree = "<group>"; };
		84C360D625DFDEB5003A70AF /* .gitignore */ = {isa = PBXFileReference; lastKnownFileType = text; path = .gitignore; sourceTree = "<group>"; };
		84C360D925E00313003A70AF /* ContactListViewController.swift */ = {isa = PBXFileReference; lastKnownFileType = sourcecode.swift; path = ContactListViewController.swift; sourceTree = "<group>"; };
		84C360E425E00506003A70AF /* Person.swift */ = {isa = PBXFileReference; fileEncoding = 4; lastKnownFileType = sourcecode.swift; path = Person.swift; sourceTree = "<group>"; };
		84C360E725E0054A003A70AF /* DataManager.swift */ = {isa = PBXFileReference; fileEncoding = 4; lastKnownFileType = sourcecode.swift; path = DataManager.swift; sourceTree = "<group>"; };
		84C360EA25E005C2003A70AF /* ContactAddViewController.swift */ = {isa = PBXFileReference; lastKnownFileType = sourcecode.swift; path = ContactAddViewController.swift; sourceTree = "<group>"; };
		84C360ED25E005D1003A70AF /* ContactEditViewController.swift */ = {isa = PBXFileReference; lastKnownFileType = sourcecode.swift; path = ContactEditViewController.swift; sourceTree = "<group>"; };
		84C360F025E005F3003A70AF /* ContactProfileViewController.swift */ = {isa = PBXFileReference; lastKnownFileType = sourcecode.swift; path = ContactProfileViewController.swift; sourceTree = "<group>"; };
/* End PBXFileReference section */

/* Begin PBXFrameworksBuildPhase section */
		84C360B725DFDBFD003A70AF /* Frameworks */ = {
			isa = PBXFrameworksBuildPhase;
			buildActionMask = 2147483647;
			files = (
			);
			runOnlyForDeploymentPostprocessing = 0;
		};
/* End PBXFrameworksBuildPhase section */

/* Begin PBXGroup section */
		84C360B125DFDBFD003A70AF = {
			isa = PBXGroup;
			children = (
				84C360D625DFDEB5003A70AF /* .gitignore */,
				84C360BC25DFDBFD003A70AF /* HomeWork2.8 */,
				84C360BB25DFDBFD003A70AF /* Products */,
			);
			sourceTree = "<group>";
		};
		84C360BB25DFDBFD003A70AF /* Products */ = {
			isa = PBXGroup;
			children = (
				84C360BA25DFDBFD003A70AF /* HomeWork2.8.app */,
			);
			name = Products;
			sourceTree = "<group>";
		};
		84C360BC25DFDBFD003A70AF /* HomeWork2.8 */ = {
			isa = PBXGroup;
			children = (
				84C360E225E003FE003A70AF /* Models */,
				84C360E325E00442003A70AF /* ViewControllers */,
				84C360DD25E00373003A70AF /* Storyboards */,
				84C360E125E003C5003A70AF /* Resource */,
				84C360DE25E003A2003A70AF /* SupportFiles */,
			);
			path = HomeWork2.8;
			sourceTree = "<group>";
		};
		84C360DD25E00373003A70AF /* Storyboards */ = {
			isa = PBXGroup;
			children = (
				84C360C325DFDBFD003A70AF /* Main.storyboard */,
				84C360C825DFDC01003A70AF /* LaunchScreen.storyboard */,
			);
			path = Storyboards;
			sourceTree = "<group>";
		};
		84C360DE25E003A2003A70AF /* SupportFiles */ = {
			isa = PBXGroup;
			children = (
				84C360BD25DFDBFD003A70AF /* AppDelegate.swift */,
				84C360BF25DFDBFD003A70AF /* SceneDelegate.swift */,
				84C360CB25DFDC01003A70AF /* Info.plist */,
			);
			path = SupportFiles;
			sourceTree = "<group>";
		};
		84C360E125E003C5003A70AF /* Resource */ = {
			isa = PBXGroup;
			children = (
				84C360C625DFDC01003A70AF /* Assets.xcassets */,
			);
			path = Resource;
			sourceTree = "<group>";
		};
		84C360E225E003FE003A70AF /* Models */ = {
			isa = PBXGroup;
			children = (
				84C360E425E00506003A70AF /* Person.swift */,
				84C360E725E0054A003A70AF /* DataManager.swift */,
			);
			path = Models;
			sourceTree = "<group>";
		};
		84C360E325E00442003A70AF /* ViewControllers */ = {
			isa = PBXGroup;
			children = (
				84C360D925E00313003A70AF /* ContactListViewController.swift */,
				84C360EA25E005C2003A70AF /* ContactAddViewController.swift */,
				84C360ED25E005D1003A70AF /* ContactEditViewController.swift */,
				84C360F025E005F3003A70AF /* ContactProfileViewController.swift */,
			);
			path = ViewControllers;
			sourceTree = "<group>";
		};
/* End PBXGroup section */

/* Begin PBXNativeTarget section */
		84C360B925DFDBFD003A70AF /* HomeWork2.8 */ = {
			isa = PBXNativeTarget;
			buildConfigurationList = 84C360CE25DFDC01003A70AF /* Build configuration list for PBXNativeTarget "HomeWork2.8" */;
			buildPhases = (
				84C360B625DFDBFD003A70AF /* Sources */,
				84C360B725DFDBFD003A70AF /* Frameworks */,
				84C360B825DFDBFD003A70AF /* Resources */,
			);
			buildRules = (
			);
			dependencies = (
			);
			name = HomeWork2.8;
			productName = HomeWork2.8;
			productReference = 84C360BA25DFDBFD003A70AF /* HomeWork2.8.app */;
			productType = "com.apple.product-type.application";
		};
/* End PBXNativeTarget section */

/* Begin PBXProject section */
		84C360B225DFDBFD003A70AF /* Project object */ = {
			isa = PBXProject;
			attributes = {
				LastSwiftUpdateCheck = 1240;
				LastUpgradeCheck = 1240;
				TargetAttributes = {
					84C360B925DFDBFD003A70AF = {
						CreatedOnToolsVersion = 12.4;
					};
				};
			};
			buildConfigurationList = 84C360B525DFDBFD003A70AF /* Build configuration list for PBXProject "HomeWork2.8" */;
			compatibilityVersion = "Xcode 9.3";
			developmentRegion = en;
			hasScannedForEncodings = 0;
			knownRegions = (
				en,
				Base,
			);
			mainGroup = 84C360B125DFDBFD003A70AF;
			productRefGroup = 84C360BB25DFDBFD003A70AF /* Products */;
			projectDirPath = "";
			projectRoot = "";
			targets = (
				84C360B925DFDBFD003A70AF /* HomeWork2.8 */,
			);
		};
/* End PBXProject section */

/* Begin PBXResourcesBuildPhase section */
		84C360B825DFDBFD003A70AF /* Resources */ = {
			isa = PBXResourcesBuildPhase;
			buildActionMask = 2147483647;
			files = (
				84C360D725DFDEB5003A70AF /* .gitignore in Resources */,
				84C360CA25DFDC01003A70AF /* LaunchScreen.storyboard in Resources */,
				84C360C725DFDC01003A70AF /* Assets.xcassets in Resources */,
				84C360C525DFDBFD003A70AF /* Main.storyboard in Resources */,
			);
			runOnlyForDeploymentPostprocessing = 0;
		};
/* End PBXResourcesBuildPhase section */

/* Begin PBXSourcesBuildPhase section */
		84C360B625DFDBFD003A70AF /* Sources */ = {
			isa = PBXSourcesBuildPhase;
			buildActionMask = 2147483647;
			files = (
				84C360DA25E00313003A70AF /* ContactListViewController.swift in Sources */,
				84C360E825E0054A003A70AF /* DataManager.swift in Sources */,
				84C360BE25DFDBFD003A70AF /* AppDelegate.swift in Sources */,
				84C360EE25E005D1003A70AF /* ContactEditViewController.swift in Sources */,
				84C360EB25E005C2003A70AF /* ContactAddViewController.swift in Sources */,
				84C360F125E005F3003A70AF /* ContactProfileViewController.swift in Sources */,
				84C360E525E00506003A70AF /* Person.swift in Sources */,
				84C360C025DFDBFD003A70AF /* SceneDelegate.swift in Sources */,
			);
			runOnlyForDeploymentPostprocessing = 0;
		};
/* End PBXSourcesBuildPhase section */

/* Begin PBXVariantGroup section */
		84C360C325DFDBFD003A70AF /* Main.storyboard */ = {
			isa = PBXVariantGroup;
			children = (
				84C360C425DFDBFD003A70AF /* Base */,
			);
			name = Main.storyboard;
			sourceTree = "<group>";
		};
		84C360C825DFDC01003A70AF /* LaunchScreen.storyboard */ = {
			isa = PBXVariantGroup;
			children = (
				84C360C925DFDC01003A70AF /* Base */,
			);
			name = LaunchScreen.storyboard;
			sourceTree = "<group>";
		};
/* End PBXVariantGroup section */

/* Begin XCBuildConfiguration section */
		84C360CC25DFDC01003A70AF /* Debug */ = {
			isa = XCBuildConfiguration;
			buildSettings = {
				ALWAYS_SEARCH_USER_PATHS = NO;
				CLANG_ANALYZER_NONNULL = YES;
				CLANG_ANALYZER_NUMBER_OBJECT_CONVERSION = YES_AGGRESSIVE;
				CLANG_CXX_LANGUAGE_STANDARD = "gnu++14";
				CLANG_CXX_LIBRARY = "libc++";
				CLANG_ENABLE_MODULES = YES;
				CLANG_ENABLE_OBJC_ARC = YES;
				CLANG_ENABLE_OBJC_WEAK = YES;
				CLANG_WARN_BLOCK_CAPTURE_AUTORELEASING = YES;
				CLANG_WARN_BOOL_CONVERSION = YES;
				CLANG_WARN_COMMA = YES;
				CLANG_WARN_CONSTANT_CONVERSION = YES;
				CLANG_WARN_DEPRECATED_OBJC_IMPLEMENTATIONS = YES;
				CLANG_WARN_DIRECT_OBJC_ISA_USAGE = YES_ERROR;
				CLANG_WARN_DOCUMENTATION_COMMENTS = YES;
				CLANG_WARN_EMPTY_BODY = YES;
				CLANG_WARN_ENUM_CONVERSION = YES;
				CLANG_WARN_INFINITE_RECURSION = YES;
				CLANG_WARN_INT_CONVERSION = YES;
				CLANG_WARN_NON_LITERAL_NULL_CONVERSION = YES;
				CLANG_WARN_OBJC_IMPLICIT_RETAIN_SELF = YES;
				CLANG_WARN_OBJC_LITERAL_CONVERSION = YES;
				CLANG_WARN_OBJC_ROOT_CLASS = YES_ERROR;
				CLANG_WARN_QUOTED_INCLUDE_IN_FRAMEWORK_HEADER = YES;
				CLANG_WARN_RANGE_LOOP_ANALYSIS = YES;
				CLANG_WARN_STRICT_PROTOTYPES = YES;
				CLANG_WARN_SUSPICIOUS_MOVE = YES;
				CLANG_WARN_UNGUARDED_AVAILABILITY = YES_AGGRESSIVE;
				CLANG_WARN_UNREACHABLE_CODE = YES;
				CLANG_WARN__DUPLICATE_METHOD_MATCH = YES;
				COPY_PHASE_STRIP = NO;
				DEBUG_INFORMATION_FORMAT = dwarf;
				ENABLE_STRICT_OBJC_MSGSEND = YES;
				ENABLE_TESTABILITY = YES;
				GCC_C_LANGUAGE_STANDARD = gnu11;
				GCC_DYNAMIC_NO_PIC = NO;
				GCC_NO_COMMON_BLOCKS = YES;
				GCC_OPTIMIZATION_LEVEL = 0;
				GCC_PREPROCESSOR_DEFINITIONS = (
					"DEBUG=1",
					"$(inherited)",
				);
				GCC_WARN_64_TO_32_BIT_CONVERSION = YES;
				GCC_WARN_ABOUT_RETURN_TYPE = YES_ERROR;
				GCC_WARN_UNDECLARED_SELECTOR = YES;
				GCC_WARN_UNINITIALIZED_AUTOS = YES_AGGRESSIVE;
				GCC_WARN_UNUSED_FUNCTION = YES;
				GCC_WARN_UNUSED_VARIABLE = YES;
				IPHONEOS_DEPLOYMENT_TARGET = 14.4;
				MTL_ENABLE_DEBUG_INFO = INCLUDE_SOURCE;
				MTL_FAST_MATH = YES;
				ONLY_ACTIVE_ARCH = YES;
				SDKROOT = iphoneos;
				SWIFT_ACTIVE_COMPILATION_CONDITIONS = DEBUG;
				SWIFT_OPTIMIZATION_LEVEL = "-Onone";
			};
			name = Debug;
		};
		84C360CD25DFDC01003A70AF /* Release */ = {
			isa = XCBuildConfiguration;
			buildSettings = {
				ALWAYS_SEARCH_USER_PATHS = NO;
				CLANG_ANALYZER_NONNULL = YES;
				CLANG_ANALYZER_NUMBER_OBJECT_CONVERSION = YES_AGGRESSIVE;
				CLANG_CXX_LANGUAGE_STANDARD = "gnu++14";
				CLANG_CXX_LIBRARY = "libc++";
				CLANG_ENABLE_MODULES = YES;
				CLANG_ENABLE_OBJC_ARC = YES;
				CLANG_ENABLE_OBJC_WEAK = YES;
				CLANG_WARN_BLOCK_CAPTURE_AUTORELEASING = YES;
				CLANG_WARN_BOOL_CONVERSION = YES;
				CLANG_WARN_COMMA = YES;
				CLANG_WARN_CONSTANT_CONVERSION = YES;
				CLANG_WARN_DEPRECATED_OBJC_IMPLEMENTATIONS = YES;
				CLANG_WARN_DIRECT_OBJC_ISA_USAGE = YES_ERROR;
				CLANG_WARN_DOCUMENTATION_COMMENTS = YES;
				CLANG_WARN_EMPTY_BODY = YES;
				CLANG_WARN_ENUM_CONVERSION = YES;
				CLANG_WARN_INFINITE_RECURSION = YES;
				CLANG_WARN_INT_CONVERSION = YES;
				CLANG_WARN_NON_LITERAL_NULL_CONVERSION = YES;
				CLANG_WARN_OBJC_IMPLICIT_RETAIN_SELF = YES;
				CLANG_WARN_OBJC_LITERAL_CONVERSION = YES;
				CLANG_WARN_OBJC_ROOT_CLASS = YES_ERROR;
				CLANG_WARN_QUOTED_INCLUDE_IN_FRAMEWORK_HEADER = YES;
				CLANG_WARN_RANGE_LOOP_ANALYSIS = YES;
				CLANG_WARN_STRICT_PROTOTYPES = YES;
				CLANG_WARN_SUSPICIOUS_MOVE = YES;
				CLANG_WARN_UNGUARDED_AVAILABILITY = YES_AGGRESSIVE;
				CLANG_WARN_UNREACHABLE_CODE = YES;
				CLANG_WARN__DUPLICATE_METHOD_MATCH = YES;
				COPY_PHASE_STRIP = NO;
				DEBUG_INFORMATION_FORMAT = "dwarf-with-dsym";
				ENABLE_NS_ASSERTIONS = NO;
				ENABLE_STRICT_OBJC_MSGSEND = YES;
				GCC_C_LANGUAGE_STANDARD = gnu11;
				GCC_NO_COMMON_BLOCKS = YES;
				GCC_WARN_64_TO_32_BIT_CONVERSION = YES;
				GCC_WARN_ABOUT_RETURN_TYPE = YES_ERROR;
				GCC_WARN_UNDECLARED_SELECTOR = YES;
				GCC_WARN_UNINITIALIZED_AUTOS = YES_AGGRESSIVE;
				GCC_WARN_UNUSED_FUNCTION = YES;
				GCC_WARN_UNUSED_VARIABLE = YES;
				IPHONEOS_DEPLOYMENT_TARGET = 14.4;
				MTL_ENABLE_DEBUG_INFO = NO;
				MTL_FAST_MATH = YES;
				SDKROOT = iphoneos;
				SWIFT_COMPILATION_MODE = wholemodule;
				SWIFT_OPTIMIZATION_LEVEL = "-O";
				VALIDATE_PRODUCT = YES;
			};
			name = Release;
		};
		84C360CF25DFDC01003A70AF /* Debug */ = {
			isa = XCBuildConfiguration;
			buildSettings = {
				ASSETCATALOG_COMPILER_APPICON_NAME = AppIcon;
				ASSETCATALOG_COMPILER_GLOBAL_ACCENT_COLOR_NAME = AccentColor;
				CODE_SIGN_STYLE = Automatic;
				DEVELOPMENT_TEAM = 3S29CPM5XY;
				INFOPLIST_FILE = HomeWork2.8/Info.plist;
				LD_RUNPATH_SEARCH_PATHS = (
					"$(inherited)",
					"@executable_path/Frameworks",
				);
				PRODUCT_BUNDLE_IDENTIFIER = "GK.HomeWork2-8";
				PRODUCT_NAME = "$(TARGET_NAME)";
				SWIFT_VERSION = 5.0;
				TARGETED_DEVICE_FAMILY = 1;
			};
			name = Debug;
		};
		84C360D025DFDC01003A70AF /* Release */ = {
			isa = XCBuildConfiguration;
			buildSettings = {
				ASSETCATALOG_COMPILER_APPICON_NAME = AppIcon;
				ASSETCATALOG_COMPILER_GLOBAL_ACCENT_COLOR_NAME = AccentColor;
				CODE_SIGN_STYLE = Automatic;
				DEVELOPMENT_TEAM = 3S29CPM5XY;
				INFOPLIST_FILE = HomeWork2.8/Info.plist;
				LD_RUNPATH_SEARCH_PATHS = (
					"$(inherited)",
					"@executable_path/Frameworks",
				);
				PRODUCT_BUNDLE_IDENTIFIER = "GK.HomeWork2-8";
				PRODUCT_NAME = "$(TARGET_NAME)";
				SWIFT_VERSION = 5.0;
				TARGETED_DEVICE_FAMILY = 1;
			};
			name = Release;
		};
/* End XCBuildConfiguration section */

/* Begin XCConfigurationList section */
		84C360B525DFDBFD003A70AF /* Build configuration list for PBXProject "HomeWork2.8" */ = {
			isa = XCConfigurationList;
			buildConfigurations = (
				84C360CC25DFDC01003A70AF /* Debug */,
				84C360CD25DFDC01003A70AF /* Release */,
			);
			defaultConfigurationIsVisible = 0;
			defaultConfigurationName = Release;
		};
		84C360CE25DFDC01003A70AF /* Build configuration list for PBXNativeTarget "HomeWork2.8" */ = {
			isa = XCConfigurationList;
			buildConfigurations = (
				84C360CF25DFDC01003A70AF /* Debug */,
				84C360D025DFDC01003A70AF /* Release */,
			);
			defaultConfigurationIsVisible = 0;
			defaultConfigurationName = Release;
		};
/* End XCConfigurationList section */
	};
	rootObject = 84C360B225DFDBFD003A70AF /* Project object */;
}
